
Microsoft Visual Studio Solution File, Format Version 12.00
# Visual Studio Version 17
VisualStudioVersion = 17.2.32616.157
MinimumVisualStudioVersion = 10.0.40219.1
Project("{FAE04EC0-301F-11D3-BF4B-00C04F79EFBC}") = "BlishHud-Raid-Clears", "BlishHud-Raid-Clears\BlishHud-Raid-Clears.csproj", "{68DA84EB-666E-40B5-B6DC-BB45EE8DAF10}"
EndProject
Global
	GlobalSection(SolutionConfigurationPlatforms) = preSolution
		Debug|Any CPU = Debug|Any CPU
		Release|Any CPU = Release|Any CPU
	EndGlobalSection
	GlobalSection(ProjectConfigurationPlatforms) = postSolution
		{68DA84EB-666E-40B5-B6DC-BB45EE8DAF10}.Debug|Any CPU.ActiveCfg = Debug|Any CPU
		{68DA84EB-666E-40B5-B6DC-BB45EE8DAF10}.Debug|Any CPU.Build.0 = Debug|Any CPU
		{68DA84EB-666E-40B5-B6DC-BB45EE8DAF10}.Release|Any CPU.ActiveCfg = Release|Any CPU
		{68DA84EB-666E-40B5-B6DC-BB45EE8DAF10}.Release|Any CPU.Build.0 = Release|Any CPU
	EndGlobalSection
	GlobalSection(SolutionProperties) = preSolution
		HideSolutionNode = FALSE
	EndGlobalSection
	GlobalSection(ExtensibilityGlobals) = postSolution
		SolutionGuid = {1FD648E9-032C-4EC7-A406-B3D51867815A}
	EndGlobalSection
EndGlobal
